// !$*UTF8*$!
{
	archiveVersion = 1;
	classes = {
	};
	objectVersion = 50;
	objects = {

/* Begin PBXBuildFile section */
		8DCB00ED22CA176C004C2007 /* AppDelegate.swift in Sources */ = {isa = PBXBuildFile; fileRef = 8DCB00EC22CA176C004C2007 /* AppDelegate.swift */; };
		8DCB00EF22CA176C004C2007 /* ViewController.swift in Sources */ = {isa = PBXBuildFile; fileRef = 8DCB00EE22CA176C004C2007 /* ViewController.swift */; };
		8DCB00F222CA176C004C2007 /* Main.storyboard in Resources */ = {isa = PBXBuildFile; fileRef = 8DCB00F022CA176C004C2007 /* Main.storyboard */; };
		8DCB00F522CA176C004C2007 /* Smart_UAE_APP.xcdatamodeld in Sources */ = {isa = PBXBuildFile; fileRef = 8DCB00F322CA176C004C2007 /* Smart_UAE_APP.xcdatamodeld */; };
		8DCB00F722CA176F004C2007 /* Assets.xcassets in Resources */ = {isa = PBXBuildFile; fileRef = 8DCB00F622CA176F004C2007 /* Assets.xcassets */; };
		8DCB00FA22CA176F004C2007 /* LaunchScreen.storyboard in Resources */ = {isa = PBXBuildFile; fileRef = 8DCB00F822CA176F004C2007 /* LaunchScreen.storyboard */; };
/* End PBXBuildFile section */

/* Begin PBXFileReference section */
		8DCB00E922CA176C004C2007 /* Smart UAE APP.app */ = {isa = PBXFileReference; explicitFileType = wrapper.application; includeInIndex = 0; path = "Smart UAE APP.app"; sourceTree = BUILT_PRODUCTS_DIR; };
		8DCB00EC22CA176C004C2007 /* AppDelegate.swift */ = {isa = PBXFileReference; lastKnownFileType = sourcecode.swift; path = AppDelegate.swift; sourceTree = "<group>"; };
		8DCB00EE22CA176C004C2007 /* ViewController.swift */ = {isa = PBXFileReference; lastKnownFileType = sourcecode.swift; path = ViewController.swift; sourceTree = "<group>"; };
		8DCB00F122CA176C004C2007 /* Base */ = {isa = PBXFileReference; lastKnownFileType = file.storyboard; name = Base; path = Base.lproj/Main.storyboard; sourceTree = "<group>"; };
		8DCB00F422CA176C004C2007 /* Smart_UAE_APP.xcdatamodel */ = {isa = PBXFileReference; lastKnownFileType = wrapper.xcdatamodel; path = Smart_UAE_APP.xcdatamodel; sourceTree = "<group>"; };
		8DCB00F622CA176F004C2007 /* Assets.xcassets */ = {isa = PBXFileReference; lastKnownFileType = folder.assetcatalog; path = Assets.xcassets; sourceTree = "<group>"; };
		8DCB00F922CA176F004C2007 /* Base */ = {isa = PBXFileReference; lastKnownFileType = file.storyboard; name = Base; path = Base.lproj/LaunchScreen.storyboard; sourceTree = "<group>"; };
		8DCB00FB22CA176F004C2007 /* Info.plist */ = {isa = PBXFileReference; lastKnownFileType = text.plist.xml; path = Info.plist; sourceTree = "<group>"; };
/* End PBXFileReference section */

/* Begin PBXFrameworksBuildPhase section */
		8DCB00E622CA176C004C2007 /* Frameworks */ = {
			isa = PBXFrameworksBuildPhase;
			buildActionMask = 2147483647;
			files = (
			);
			runOnlyForDeploymentPostprocessing = 0;
		};
/* End PBXFrameworksBuildPhase section */

/* Begin PBXGroup section */
		8DCB00E022CA176C004C2007 = {
			isa = PBXGroup;
			children = (
				8DCB00EB22CA176C004C2007 /* Smart UAE APP */,
				8DCB00EA22CA176C004C2007 /* Products */,
			);
			sourceTree = "<group>";
		};
		8DCB00EA22CA176C004C2007 /* Products */ = {
			isa = PBXGroup;
			children = (
				8DCB00E922CA176C004C2007 /* Smart UAE APP.app */,
			);
			name = Products;
			sourceTree = "<group>";
		};
		8DCB00EB22CA176C004C2007 /* Smart UAE APP */ = {
			isa = PBXGroup;
			children = (
				8DCB00EC22CA176C004C2007 /* AppDelegate.swift */,
				8DCB00EE22CA176C004C2007 /* ViewController.swift */,
				8DCB00F022CA176C004C2007 /* Main.storyboard */,
				8DCB00F622CA176F004C2007 /* Assets.xcassets */,
				8DCB00F822CA176F004C2007 /* LaunchScreen.storyboard */,
				8DCB00FB22CA176F004C2007 /* Info.plist */,
				8DCB00F322CA176C004C2007 /* Smart_UAE_APP.xcdatamodeld */,
			);
			path = "Smart UAE APP";
			sourceTree = "<group>";
		};
/* End PBXGroup section */

/* Begin PBXNativeTarget section */
		8DCB00E822CA176C004C2007 /* Smart UAE APP */ = {
			isa = PBXNativeTarget;
			buildConfigurationList = 8DCB00FE22CA176F004C2007 /* Build configuration list for PBXNativeTarget "Smart UAE APP" */;
			buildPhases = (
				8DCB00E522CA176C004C2007 /* Sources */,
				8DCB00E622CA176C004C2007 /* Frameworks */,
				8DCB00E722CA176C004C2007 /* Resources */,
			);
			buildRules = (
			);
			dependencies = (
			);
			name = "Smart UAE APP";
			productName = "Smart UAE APP";
			productReference = 8DCB00E922CA176C004C2007 /* Smart UAE APP.app */;
			productType = "com.apple.product-type.application";
		};
/* End PBXNativeTarget section */

/* Begin PBXProject section */
		8DCB00E122CA176C004C2007 /* Project object */ = {
			isa = PBXProject;
			attributes = {
				LastSwiftUpdateCheck = 1020;
				LastUpgradeCheck = 1020;
				ORGANIZATIONNAME = "Smart UAE";
				TargetAttributes = {
					8DCB00E822CA176C004C2007 = {
						CreatedOnToolsVersion = 10.2.1;
					};
				};
			};
			buildConfigurationList = 8DCB00E422CA176C004C2007 /* Build configuration list for PBXProject "Smart UAE APP" */;
			compatibilityVersion = "Xcode 9.3";
			developmentRegion = en;
			hasScannedForEncodings = 0;
			knownRegions = (
				en,
				Base,
			);
			mainGroup = 8DCB00E022CA176C004C2007;
			productRefGroup = 8DCB00EA22CA176C004C2007 /* Products */;
			projectDirPath = "";
			projectRoot = "";
			targets = (
				8DCB00E822CA176C004C2007 /* Smart UAE APP */,
			);
		};
/* End PBXProject section */

/* Begin PBXResourcesBuildPhase section */
		8DCB00E722CA176C004C2007 /* Resources */ = {
			isa = PBXResourcesBuildPhase;
			buildActionMask = 2147483647;
			files = (
				8DCB00FA22CA176F004C2007 /* LaunchScreen.storyboard in Resources */,
				8DCB00F722CA176F004C2007 /* Assets.xcassets in Resources */,
				8DCB00F222CA176C004C2007 /* Main.storyboard in Resources */,
			);
			runOnlyForDeploymentPostprocessing = 0;
		};
/* End PBXResourcesBuildPhase section */

/* Begin PBXSourcesBuildPhase section */
		8DCB00E522CA176C004C2007 /* Sources */ = {
			isa = PBXSourcesBuildPhase;
			buildActionMask = 2147483647;
			files = (
				8DCB00F522CA176C004C2007 /* Smart_UAE_APP.xcdatamodeld in Sources */,
				8DCB00EF22CA176C004C2007 /* ViewController.swift in Sources */,
				8DCB00ED22CA176C004C2007 /* AppDelegate.swift in Sources */,
			);
			runOnlyForDeploymentPostprocessing = 0;
		};
/* End PBXSourcesBuildPhase section */

/* Begin PBXVariantGroup section */
		8DCB00F022CA176C004C2007 /* Main.storyboard */ = {
			isa = PBXVariantGroup;
			children = (
				8DCB00F122CA176C004C2007 /* Base */,
			);
			name = Main.storyboard;
			sourceTree = "<group>";
		};
		8DCB00F822CA176F004C2007 /* LaunchScreen.storyboard */ = {
			isa = PBXVariantGroup;
			children = (
				8DCB00F922CA176F004C2007 /* Base */,
			);
			name = LaunchScreen.storyboard;
			sourceTree = "<group>";
		};
/* End PBXVariantGroup section */

/* Begin XCBuildConfiguration section */
		8DCB00FC22CA176F004C2007 /* Debug */ = {
			isa = XCBuildConfiguration;
			buildSettings = {
				ALWAYS_SEARCH_USER_PATHS = NO;
				CLANG_ANALYZER_NONNULL = YES;
				CLANG_ANALYZER_NUMBER_OBJECT_CONVERSION = YES_AGGRESSIVE;
				CLANG_CXX_LANGUAGE_STANDARD = "gnu++14";
				CLANG_CXX_LIBRARY = "libc++";
				CLANG_ENABLE_MODULES = YES;
				CLANG_ENABLE_OBJC_ARC = YES;
				CLANG_ENABLE_OBJC_WEAK = YES;
				CLANG_WARN_BLOCK_CAPTURE_AUTORELEASING = YES;
				CLANG_WARN_BOOL_CONVERSION = YES;
				CLANG_WARN_COMMA = YES;
				CLANG_WARN_CONSTANT_CONVERSION = YES;
				CLANG_WARN_DEPRECATED_OBJC_IMPLEMENTATIONS = YES;
				CLANG_WARN_DIRECT_OBJC_ISA_USAGE = YES_ERROR;
				CLANG_WARN_DOCUMENTATION_COMMENTS = YES;
				CLANG_WARN_EMPTY_BODY = YES;
				CLANG_WARN_ENUM_CONVERSION = YES;
				CLANG_WARN_INFINITE_RECURSION = YES;
				CLANG_WARN_INT_CONVERSION = YES;
				CLANG_WARN_NON_LITERAL_NULL_CONVERSION = YES;
				CLANG_WARN_OBJC_IMPLICIT_RETAIN_SELF = YES;
				CLANG_WARN_OBJC_LITERAL_CONVERSION = YES;
				CLANG_WARN_OBJC_ROOT_CLASS = YES_ERROR;
				CLANG_WARN_RANGE_LOOP_ANALYSIS = YES;
				CLANG_WARN_STRICT_PROTOTYPES = YES;
				CLANG_WARN_SUSPICIOUS_MOVE = YES;
				CLANG_WARN_UNGUARDED_AVAILABILITY = YES_AGGRESSIVE;
				CLANG_WARN_UNREACHABLE_CODE = YES;
				CLANG_WARN__DUPLICATE_METHOD_MATCH = YES;
				CODE_SIGN_IDENTITY = "iPhone Developer";
				COPY_PHASE_STRIP = NO;
				DEBUG_INFORMATION_FORMAT = dwarf;
				ENABLE_STRICT_OBJC_MSGSEND = YES;
				ENABLE_TESTABILITY = YES;
				GCC_C_LANGUAGE_STANDARD = gnu11;
				GCC_DYNAMIC_NO_PIC = NO;
				GCC_NO_COMMON_BLOCKS = YES;
				GCC_OPTIMIZATION_LEVEL = 0;
				GCC_PREPROCESSOR_DEFINITIONS = (
					"DEBUG=1",
					"$(inherited)",
				);
				GCC_WARN_64_TO_32_BIT_CONVERSION = YES;
				GCC_WARN_ABOUT_RETURN_TYPE = YES_ERROR;
				GCC_WARN_UNDECLARED_SELECTOR = YES;
				GCC_WARN_UNINITIALIZED_AUTOS = YES_AGGRESSIVE;
				GCC_WARN_UNUSED_FUNCTION = YES;
				GCC_WARN_UNUSED_VARIABLE = YES;
				IPHONEOS_DEPLOYMENT_TARGET = 12.2;
				MTL_ENABLE_DEBUG_INFO = INCLUDE_SOURCE;
				MTL_FAST_MATH = YES;
				ONLY_ACTIVE_ARCH = YES;
				SDKROOT = iphoneos;
				SWIFT_ACTIVE_COMPILATION_CONDITIONS = DEBUG;
				SWIFT_OPTIMIZATION_LEVEL = "-Onone";
			};
			name = Debug;
		};
		8DCB00FD22CA176F004C2007 /* Release */ = {
			isa = XCBuildConfiguration;
			buildSettings = {
				ALWAYS_SEARCH_USER_PATHS = NO;
				CLANG_ANALYZER_NONNULL = YES;
				CLANG_ANALYZER_NUMBER_OBJECT_CONVERSION = YES_AGGRESSIVE;
				CLANG_CXX_LANGUAGE_STANDARD = "gnu++14";
				CLANG_CXX_LIBRARY = "libc++";
				CLANG_ENABLE_MODULES = YES;
				CLANG_ENABLE_OBJC_ARC = YES;
				CLANG_ENABLE_OBJC_WEAK = YES;
				CLANG_WARN_BLOCK_CAPTURE_AUTORELEASING = YES;
				CLANG_WARN_BOOL_CONVERSION = YES;
				CLANG_WARN_COMMA = YES;
				CLANG_WARN_CONSTANT_CONVERSION = YES;
				CLANG_WARN_DEPRECATED_OBJC_IMPLEMENTATIONS = YES;
				CLANG_WARN_DIRECT_OBJC_ISA_USAGE = YES_ERROR;
				CLANG_WARN_DOCUMENTATION_COMMENTS = YES;
				CLANG_WARN_EMPTY_BODY = YES;
				CLANG_WARN_ENUM_CONVERSION = YES;
				CLANG_WARN_INFINITE_RECURSION = YES;
				CLANG_WARN_INT_CONVERSION = YES;
				CLANG_WARN_NON_LITERAL_NULL_CONVERSION = YES;
				CLANG_WARN_OBJC_IMPLICIT_RETAIN_SELF = YES;
				CLANG_WARN_OBJC_LITERAL_CONVERSION = YES;
				CLANG_WARN_OBJC_ROOT_CLASS = YES_ERROR;
				CLANG_WARN_RANGE_LOOP_ANALYSIS = YES;
				CLANG_WARN_STRICT_PROTOTYPES = YES;
				CLANG_WARN_SUSPICIOUS_MOVE = YES;
				CLANG_WARN_UNGUARDED_AVAILABILITY = YES_AGGRESSIVE;
				CLANG_WARN_UNREACHABLE_CODE = YES;
				CLANG_WARN__DUPLICATE_METHOD_MATCH = YES;
				CODE_SIGN_IDENTITY = "iPhone Developer";
				COPY_PHASE_STRIP = NO;
				DEBUG_INFORMATION_FORMAT = "dwarf-with-dsym";
				ENABLE_NS_ASSERTIONS = NO;
				ENABLE_STRICT_OBJC_MSGSEND = YES;
				GCC_C_LANGUAGE_STANDARD = gnu11;
				GCC_NO_COMMON_BLOCKS = YES;
				GCC_WARN_64_TO_32_BIT_CONVERSION = YES;
				GCC_WARN_ABOUT_RETURN_TYPE = YES_ERROR;
				GCC_WARN_UNDECLARED_SELECTOR = YES;
				GCC_WARN_UNINITIALIZED_AUTOS = YES_AGGRESSIVE;
				GCC_WARN_UNUSED_FUNCTION = YES;
				GCC_WARN_UNUSED_VARIABLE = YES;
				IPHONEOS_DEPLOYMENT_TARGET = 12.2;
				MTL_ENABLE_DEBUG_INFO = NO;
				MTL_FAST_MATH = YES;
				SDKROOT = iphoneos;
				SWIFT_COMPILATION_MODE = wholemodule;
				SWIFT_OPTIMIZATION_LEVEL = "-O";
				VALIDATE_PRODUCT = YES;
			};
			name = Release;
		};
		8DCB00FF22CA176F004C2007 /* Debug */ = {
			isa = XCBuildConfiguration;
			buildSettings = {
				ASSETCATALOG_COMPILER_APPICON_NAME = AppIcon;
				CODE_SIGN_STYLE = Automatic;
				DEVELOPMENT_TEAM = J6U2J2XM8T;
				INFOPLIST_FILE = "Smart UAE APP/Info.plist";
				LD_RUNPATH_SEARCH_PATHS = (
					"$(inherited)",
					"@executable_path/Frameworks",
				);
				PRODUCT_BUNDLE_IDENTIFIER = "SmartBliz.Smart-UAE-APP";
				PRODUCT_NAME = "$(TARGET_NAME)";
				SWIFT_VERSION = 5.0;
				TARGETED_DEVICE_FAMILY = "1,2";
			};
			name = Debug;
		};
		8DCB010022CA176F004C2007 /* Release */ = {
			isa = XCBuildConfiguration;
			buildSettings = {
				ASSETCATALOG_COMPILER_APPICON_NAME = AppIcon;
				CODE_SIGN_STYLE = Automatic;
				DEVELOPMENT_TEAM = J6U2J2XM8T;
				INFOPLIST_FILE = "Smart UAE APP/Info.plist";
				LD_RUNPATH_SEARCH_PATHS = (
					"$(inherited)",
					"@executable_path/Frameworks",
				);
				PRODUCT_BUNDLE_IDENTIFIER = "SmartBliz.Smart-UAE-APP";
				PRODUCT_NAME = "$(TARGET_NAME)";
				SWIFT_VERSION = 5.0;
				TARGETED_DEVICE_FAMILY = "1,2";
			};
			name = Release;
		};
/* End XCBuildConfiguration section */

/* Begin XCConfigurationList section */
		8DCB00E422CA176C004C2007 /* Build configuration list for PBXProject "Smart UAE APP" */ = {
			isa = XCConfigurationList;
			buildConfigurations = (
				8DCB00FC22CA176F004C2007 /* Debug */,
				8DCB00FD22CA176F004C2007 /* Release */,
			);
			defaultConfigurationIsVisible = 0;
			defaultConfigurationName = Release;
		};
		8DCB00FE22CA176F004C2007 /* Build configuration list for PBXNativeTarget "Smart UAE APP" */ = {
			isa = XCConfigurationList;
			buildConfigurations = (
				8DCB00FF22CA176F004C2007 /* Debug */,
				8DCB010022CA176F004C2007 /* Release */,
			);
			defaultConfigurationIsVisible = 0;
			defaultConfigurationName = Release;
		};
/* End XCConfigurationList section */

/* Begin XCVersionGroup section */
		8DCB00F322CA176C004C2007 /* Smart_UAE_APP.xcdatamodeld */ = {
			isa = XCVersionGroup;
			children = (
				8DCB00F422CA176C004C2007 /* Smart_UAE_APP.xcdatamodel */,
			);
			currentVersion = 8DCB00F422CA176C004C2007 /* Smart_UAE_APP.xcdatamodel */;
			path = Smart_UAE_APP.xcdatamodeld;
			sourceTree = "<group>";
			versionGroupType = wrapper.xcdatamodel;
		};
/* End XCVersionGroup section */
	};
	rootObject = 8DCB00E122CA176C004C2007 /* Project object */;
}
